
Microsoft Visual Studio Solution File, Format Version 12.00
# Visual Studio 15
VisualStudioVersion = 15.0.26124.0
MinimumVisualStudioVersion = 15.0.26124.0
Project("{FAE04EC0-301F-11D3-BF4B-00C04F79EFBC}") = "Base", "Base\Base.csproj", "{E1E183E5-1F89-4285-9741-B1E1F395C2BD}"
EndProject
Project("{FAE04EC0-301F-11D3-BF4B-00C04F79EFBC}") = "Implementation", "Implementation\Implementation.csproj", "{B035E88A-DE21-4921-A490-7AEC9AF39204}"
EndProject
Project("{FAE04EC0-301F-11D3-BF4B-00C04F79EFBC}") = "Implementation.Tests", "Implementation.Tests\Implementation.Tests.csproj", "{07135E5F-3D78-4949-9696-2B8FF0C97CDC}"
EndProject
Global
	GlobalSection(SolutionConfigurationPlatforms) = preSolution
		Debug|Any CPU = Debug|Any CPU
		Debug|x64 = Debug|x64
		Debug|x86 = Debug|x86
		Release|Any CPU = Release|Any CPU
		Release|x64 = Release|x64
		Release|x86 = Release|x86
	EndGlobalSection
	GlobalSection(SolutionProperties) = preSolution
		HideSolutionNode = FALSE
	EndGlobalSection
	GlobalSection(ProjectConfigurationPlatforms) = postSolution
		{E1E183E5-1F89-4285-9741-B1E1F395C2BD}.Debug|Any CPU.ActiveCfg = Debug|Any CPU
		{E1E183E5-1F89-4285-9741-B1E1F395C2BD}.Debug|Any CPU.Build.0 = Debug|Any CPU
		{E1E183E5-1F89-4285-9741-B1E1F395C2BD}.Debug|x64.ActiveCfg = Debug|Any CPU
		{E1E183E5-1F89-4285-9741-B1E1F395C2BD}.Debug|x64.Build.0 = Debug|Any CPU
		{E1E183E5-1F89-4285-9741-B1E1F395C2BD}.Debug|x86.ActiveCfg = Debug|Any CPU
		{E1E183E5-1F89-4285-9741-B1E1F395C2BD}.Debug|x86.Build.0 = Debug|Any CPU
		{E1E183E5-1F89-4285-9741-B1E1F395C2BD}.Release|Any CPU.ActiveCfg = Release|Any CPU
		{E1E183E5-1F89-4285-9741-B1E1F395C2BD}.Release|Any CPU.Build.0 = Release|Any CPU
		{E1E183E5-1F89-4285-9741-B1E1F395C2BD}.Release|x64.ActiveCfg = Release|Any CPU
		{E1E183E5-1F89-4285-9741-B1E1F395C2BD}.Release|x64.Build.0 = Release|Any CPU
		{E1E183E5-1F89-4285-9741-B1E1F395C2BD}.Release|x86.ActiveCfg = Release|Any CPU
		{E1E183E5-1F89-4285-9741-B1E1F395C2BD}.Release|x86.Build.0 = Release|Any CPU
		{B035E88A-DE21-4921-A490-7AEC9AF39204}.Debug|Any CPU.ActiveCfg = Debug|Any CPU
		{B035E88A-DE21-4921-A490-7AEC9AF39204}.Debug|Any CPU.Build.0 = Debug|Any CPU
		{B035E88A-DE21-4921-A490-7AEC9AF39204}.Debug|x64.ActiveCfg = Debug|Any CPU
		{B035E88A-DE21-4921-A490-7AEC9AF39204}.Debug|x64.Build.0 = Debug|Any CPU
		{B035E88A-DE21-4921-A490-7AEC9AF39204}.Debug|x86.ActiveCfg = Debug|Any CPU
		{B035E88A-DE21-4921-A490-7AEC9AF39204}.Debug|x86.Build.0 = Debug|Any CPU
		{B035E88A-DE21-4921-A490-7AEC9AF39204}.Release|Any CPU.ActiveCfg = Release|Any CPU
		{B035E88A-DE21-4921-A490-7AEC9AF39204}.Release|Any CPU.Build.0 = Release|Any CPU
		{B035E88A-DE21-4921-A490-7AEC9AF39204}.Release|x64.ActiveCfg = Release|Any CPU
		{B035E88A-DE21-4921-A490-7AEC9AF39204}.Release|x64.Build.0 = Release|Any CPU
		{B035E88A-DE21-4921-A490-7AEC9AF39204}.Release|x86.ActiveCfg = Release|Any CPU
		{B035E88A-DE21-4921-A490-7AEC9AF39204}.Release|x86.Build.0 = Release|Any CPU
		{07135E5F-3D78-4949-9696-2B8FF0C97CDC}.Debug|Any CPU.ActiveCfg = Debug|Any CPU
		{07135E5F-3D78-4949-9696-2B8FF0C97CDC}.Debug|Any CPU.Build.0 = Debug|Any CPU
		{07135E5F-3D78-4949-9696-2B8FF0C97CDC}.Debug|x64.ActiveCfg = Debug|Any CPU
		{07135E5F-3D78-4949-9696-2B8FF0C97CDC}.Debug|x64.Build.0 = Debug|Any CPU
		{07135E5F-3D78-4949-9696-2B8FF0C97CDC}.Debug|x86.ActiveCfg = Debug|Any CPU
		{07135E5F-3D78-4949-9696-2B8FF0C97CDC}.Debug|x86.Build.0 = Debug|Any CPU
		{07135E5F-3D78-4949-9696-2B8FF0C97CDC}.Release|Any CPU.ActiveCfg = Release|Any CPU
		{07135E5F-3D78-4949-9696-2B8FF0C97CDC}.Release|Any CPU.Build.0 = Release|Any CPU
		{07135E5F-3D78-4949-9696-2B8FF0C97CDC}.Release|x64.ActiveCfg = Release|Any CPU
		{07135E5F-3D78-4949-9696-2B8FF0C97CDC}.Release|x64.Build.0 = Release|Any CPU
		{07135E5F-3D78-4949-9696-2B8FF0C97CDC}.Release|x86.ActiveCfg = Release|Any CPU
		{07135E5F-3D78-4949-9696-2B8FF0C97CDC}.Release|x86.Build.0 = Release|Any CPU
	EndGlobalSection
EndGlobal
